
Microsoft Visual Studio Solution File, Format Version 12.00
# Visual Studio Version 16
VisualStudioVersion = 16.0.28729.10
MinimumVisualStudioVersion = 10.0.40219.1
Project("{F184B08F-C81C-45F6-A57F-5ABD9991F28F}") = "SPP_3", "SPP_3\SPP_3.vbproj", "{4EA5ACFF-5578-45A0-8B13-294DCE48DAA7}"
EndProject
Global
	GlobalSection(SolutionConfigurationPlatforms) = preSolution
		Debug|Any CPU = Debug|Any CPU
		Release|Any CPU = Release|Any CPU
	EndGlobalSection
	GlobalSection(ProjectConfigurationPlatforms) = postSolution
		{4EA5ACFF-5578-45A0-8B13-294DCE48DAA7}.Debug|Any CPU.ActiveCfg = Debug|Any CPU
		{4EA5ACFF-5578-45A0-8B13-294DCE48DAA7}.Debug|Any CPU.Build.0 = Debug|Any CPU
		{4EA5ACFF-5578-45A0-8B13-294DCE48DAA7}.Release|Any CPU.ActiveCfg = Release|Any CPU
		{4EA5ACFF-5578-45A0-8B13-294DCE48DAA7}.Release|Any CPU.Build.0 = Release|Any CPU
	EndGlobalSection
	GlobalSection(SolutionProperties) = preSolution
		HideSolutionNode = FALSE
	EndGlobalSection
	GlobalSection(ExtensibilityGlobals) = postSolution
		SolutionGuid = {9335091D-C09F-4EA2-8EFC-3A3AB59EBE4D}
	EndGlobalSection
EndGlobal
